
Microsoft Visual Studio Solution File, Format Version 12.00
# Visual Studio Version 17
VisualStudioVersion = 17.10.35326.205
MinimumVisualStudioVersion = 10.0.40219.1
Project("{9A19103F-16F7-4668-BE54-9A1E7A4F7556}") = "Universe.SqlServerJam", "Universe.SqlServerJam\Universe.SqlServerJam.csproj", "{9EF049B1-CC08-4D1B-8F89-B462652E4D9D}"
EndProject
Project("{9A19103F-16F7-4668-BE54-9A1E7A4F7556}") = "Universe.SqlServerJam.Tests", "Universe.SqlServerJam.Tests\Universe.SqlServerJam.Tests.csproj", "{9F9FFC18-928B-4197-9C6D-63580B3C4A0C}"
EndProject
Project("{9A19103F-16F7-4668-BE54-9A1E7A4F7556}") = "Universe.StressOrchestration", "Universe.StressOrchestration\Universe.StressOrchestration.csproj", "{1F6D13D4-F70A-4C40-A516-E8FC95CBD790}"
EndProject
Project("{2150E333-8FDC-42A3-9474-1A3956D46DE8}") = "Sub-Projects", "Sub-Projects", "{0DA6B209-64C5-471D-A5CA-08F72E44F2A5}"
EndProject
Project("{9A19103F-16F7-4668-BE54-9A1E7A4F7556}") = "Universe.CpuInfo", "..\Sub-Projects\Universe.CpuInfo\Universe.CpuInfo\Universe.CpuInfo.csproj", "{6D6FAC38-B635-41F6-B423-940A7EE2F610}"
EndProject
Global
	GlobalSection(SolutionConfigurationPlatforms) = preSolution
		Debug|Any CPU = Debug|Any CPU
		Release|Any CPU = Release|Any CPU
	EndGlobalSection
	GlobalSection(ProjectConfigurationPlatforms) = postSolution
		{9EF049B1-CC08-4D1B-8F89-B462652E4D9D}.Debug|Any CPU.ActiveCfg = Debug|Any CPU
		{9EF049B1-CC08-4D1B-8F89-B462652E4D9D}.Debug|Any CPU.Build.0 = Debug|Any CPU
		{9EF049B1-CC08-4D1B-8F89-B462652E4D9D}.Release|Any CPU.ActiveCfg = Release|Any CPU
		{9EF049B1-CC08-4D1B-8F89-B462652E4D9D}.Release|Any CPU.Build.0 = Release|Any CPU
		{9F9FFC18-928B-4197-9C6D-63580B3C4A0C}.Debug|Any CPU.ActiveCfg = Debug|Any CPU
		{9F9FFC18-928B-4197-9C6D-63580B3C4A0C}.Debug|Any CPU.Build.0 = Debug|Any CPU
		{9F9FFC18-928B-4197-9C6D-63580B3C4A0C}.Release|Any CPU.ActiveCfg = Release|Any CPU
		{9F9FFC18-928B-4197-9C6D-63580B3C4A0C}.Release|Any CPU.Build.0 = Release|Any CPU
		{1F6D13D4-F70A-4C40-A516-E8FC95CBD790}.Debug|Any CPU.ActiveCfg = Debug|Any CPU
		{1F6D13D4-F70A-4C40-A516-E8FC95CBD790}.Debug|Any CPU.Build.0 = Debug|Any CPU
		{1F6D13D4-F70A-4C40-A516-E8FC95CBD790}.Release|Any CPU.ActiveCfg = Release|Any CPU
		{1F6D13D4-F70A-4C40-A516-E8FC95CBD790}.Release|Any CPU.Build.0 = Release|Any CPU
		{6D6FAC38-B635-41F6-B423-940A7EE2F610}.Debug|Any CPU.ActiveCfg = Debug|Any CPU
		{6D6FAC38-B635-41F6-B423-940A7EE2F610}.Debug|Any CPU.Build.0 = Debug|Any CPU
		{6D6FAC38-B635-41F6-B423-940A7EE2F610}.Release|Any CPU.ActiveCfg = Release|Any CPU
		{6D6FAC38-B635-41F6-B423-940A7EE2F610}.Release|Any CPU.Build.0 = Release|Any CPU
	EndGlobalSection
	GlobalSection(SolutionProperties) = preSolution
		HideSolutionNode = FALSE
	EndGlobalSection
	GlobalSection(NestedProjects) = preSolution
		{6D6FAC38-B635-41F6-B423-940A7EE2F610} = {0DA6B209-64C5-471D-A5CA-08F72E44F2A5}
	EndGlobalSection
	GlobalSection(ExtensibilityGlobals) = postSolution
		SolutionGuid = {F466CFC8-4511-4916-913F-F5337F051972}
	EndGlobalSection
EndGlobal
